
Microsoft Visual Studio Solution File, Format Version 12.00
# Visual Studio Version 17
VisualStudioVersion = 17.14.36414.22
MinimumVisualStudioVersion = 10.0.40219.1
Project("{2150E333-8FDC-42A3-9474-1A3956D46DE8}") = "Presentation", "Presentation", "{02EA681E-C7D8-13C7-8484-4AC65E1B71E8}"
EndProject
Project("{2150E333-8FDC-42A3-9474-1A3956D46DE8}") = "Application", "Application", "{9DF382C2-E683-4B4D-B9E0-CE609E1F47B1}"
EndProject
Project("{FAE04EC0-301F-11D3-BF4B-00C04F79EFBC}") = "DesignPatterns.Client", "DesignPatterns.Client\DesignPatterns.Client.csproj", "{00A5C4A3-A810-4465-8058-E89D4DAB5642}"
	ProjectSection(ProjectDependencies) = postProject
		{E0DB793F-E20A-476B-AB14-5B14AF90CCA7} = {E0DB793F-E20A-476B-AB14-5B14AF90CCA7}
	EndProjectSection
EndProject
Project("{2150E333-8FDC-42A3-9474-1A3956D46DE8}") = "Domain", "Domain", "{82D52C7A-A7D6-4ECC-AC43-26C591DBCA58}"
EndProject
Project("{FAE04EC0-301F-11D3-BF4B-00C04F79EFBC}") = "DesignPatterns.Application", "DesignPatterns.Application\DesignPatterns.Application.csproj", "{751A32FC-B529-4E96-A1C2-4EA2022BE379}"
	ProjectSection(ProjectDependencies) = postProject
		{C329D158-0447-4913-84E0-19EFEA1CCD48} = {C329D158-0447-4913-84E0-19EFEA1CCD48}
	EndProjectSection
EndProject
Project("{FAE04EC0-301F-11D3-BF4B-00C04F79EFBC}") = "DesignPatterns.Domain", "DesignPatterns.Domain\DesignPatterns.Domain.csproj", "{C329D158-0447-4913-84E0-19EFEA1CCD48}"
EndProject
Project("{FAE04EC0-301F-11D3-BF4B-00C04F79EFBC}") = "DesignPatterns.Server", "DesignPatterns.Server\DesignPatterns.Server.csproj", "{E0DB793F-E20A-476B-AB14-5B14AF90CCA7}"
	ProjectSection(ProjectDependencies) = postProject
		{751A32FC-B529-4E96-A1C2-4EA2022BE379} = {751A32FC-B529-4E96-A1C2-4EA2022BE379}
	EndProjectSection
EndProject
Global
	GlobalSection(SolutionConfigurationPlatforms) = preSolution
		Debug|Any CPU = Debug|Any CPU
		Release|Any CPU = Release|Any CPU
	EndGlobalSection
	GlobalSection(ProjectConfigurationPlatforms) = postSolution
		{00A5C4A3-A810-4465-8058-E89D4DAB5642}.Debug|Any CPU.ActiveCfg = Debug|Any CPU
		{00A5C4A3-A810-4465-8058-E89D4DAB5642}.Debug|Any CPU.Build.0 = Debug|Any CPU
		{00A5C4A3-A810-4465-8058-E89D4DAB5642}.Release|Any CPU.ActiveCfg = Release|Any CPU
		{00A5C4A3-A810-4465-8058-E89D4DAB5642}.Release|Any CPU.Build.0 = Release|Any CPU
		{751A32FC-B529-4E96-A1C2-4EA2022BE379}.Debug|Any CPU.ActiveCfg = Debug|Any CPU
		{751A32FC-B529-4E96-A1C2-4EA2022BE379}.Debug|Any CPU.Build.0 = Debug|Any CPU
		{751A32FC-B529-4E96-A1C2-4EA2022BE379}.Release|Any CPU.ActiveCfg = Release|Any CPU
		{751A32FC-B529-4E96-A1C2-4EA2022BE379}.Release|Any CPU.Build.0 = Release|Any CPU
		{C329D158-0447-4913-84E0-19EFEA1CCD48}.Debug|Any CPU.ActiveCfg = Debug|Any CPU
		{C329D158-0447-4913-84E0-19EFEA1CCD48}.Debug|Any CPU.Build.0 = Debug|Any CPU
		{C329D158-0447-4913-84E0-19EFEA1CCD48}.Release|Any CPU.ActiveCfg = Release|Any CPU
		{C329D158-0447-4913-84E0-19EFEA1CCD48}.Release|Any CPU.Build.0 = Release|Any CPU
		{E0DB793F-E20A-476B-AB14-5B14AF90CCA7}.Debug|Any CPU.ActiveCfg = Debug|Any CPU
		{E0DB793F-E20A-476B-AB14-5B14AF90CCA7}.Debug|Any CPU.Build.0 = Debug|Any CPU
		{E0DB793F-E20A-476B-AB14-5B14AF90CCA7}.Release|Any CPU.ActiveCfg = Release|Any CPU
		{E0DB793F-E20A-476B-AB14-5B14AF90CCA7}.Release|Any CPU.Build.0 = Release|Any CPU
	EndGlobalSection
	GlobalSection(SolutionProperties) = preSolution
		HideSolutionNode = FALSE
	EndGlobalSection
	GlobalSection(NestedProjects) = preSolution
		{00A5C4A3-A810-4465-8058-E89D4DAB5642} = {02EA681E-C7D8-13C7-8484-4AC65E1B71E8}
		{751A32FC-B529-4E96-A1C2-4EA2022BE379} = {9DF382C2-E683-4B4D-B9E0-CE609E1F47B1}
		{C329D158-0447-4913-84E0-19EFEA1CCD48} = {82D52C7A-A7D6-4ECC-AC43-26C591DBCA58}
		{E0DB793F-E20A-476B-AB14-5B14AF90CCA7} = {02EA681E-C7D8-13C7-8484-4AC65E1B71E8}
	EndGlobalSection
	GlobalSection(ExtensibilityGlobals) = postSolution
		SolutionGuid = {69C78FA2-BA4F-488F-A199-7631758DEDB1}
	EndGlobalSection
EndGlobal
